// !$*UTF8*$!
{
	archiveVersion = 1;
	classes = {
	};
	objectVersion = 50;
	objects = {

/* Begin PBXBuildFile section */
		7EC368E82510C63F00ECA753 /* AppDelegate.swift in Sources */ = {isa = PBXBuildFile; fileRef = 7EC368E72510C63F00ECA753 /* AppDelegate.swift */; };
		7EC368EA2510C63F00ECA753 /* SceneDelegate.swift in Sources */ = {isa = PBXBuildFile; fileRef = 7EC368E92510C63F00ECA753 /* SceneDelegate.swift */; };
		7EC368EC2510C63F00ECA753 /* ViewController.swift in Sources */ = {isa = PBXBuildFile; fileRef = 7EC368EB2510C63F00ECA753 /* ViewController.swift */; };
		7EC368EF2510C63F00ECA753 /* Main.storyboard in Resources */ = {isa = PBXBuildFile; fileRef = 7EC368ED2510C63F00ECA753 /* Main.storyboard */; };
		7EC368F12510C64300ECA753 /* Assets.xcassets in Resources */ = {isa = PBXBuildFile; fileRef = 7EC368F02510C64300ECA753 /* Assets.xcassets */; };
		7EC368F42510C64300ECA753 /* LaunchScreen.storyboard in Resources */ = {isa = PBXBuildFile; fileRef = 7EC368F22510C64300ECA753 /* LaunchScreen.storyboard */; };
		7EC368FF2510C64300ECA753 /* SwiftProjecteTests.swift in Sources */ = {isa = PBXBuildFile; fileRef = 7EC368FE2510C64300ECA753 /* SwiftProjecteTests.swift */; };
		7EC3690A2510C64300ECA753 /* SwiftProjecteUITests.swift in Sources */ = {isa = PBXBuildFile; fileRef = 7EC369092510C64300ECA753 /* SwiftProjecteUITests.swift */; };
/* End PBXBuildFile section */

/* Begin PBXContainerItemProxy section */
		7EC368FB2510C64300ECA753 /* PBXContainerItemProxy */ = {
			isa = PBXContainerItemProxy;
			containerPortal = 7EC368DC2510C63F00ECA753 /* Project object */;
			proxyType = 1;
			remoteGlobalIDString = 7EC368E32510C63F00ECA753;
			remoteInfo = SwiftProjecte;
		};
		7EC369062510C64300ECA753 /* PBXContainerItemProxy */ = {
			isa = PBXContainerItemProxy;
			containerPortal = 7EC368DC2510C63F00ECA753 /* Project object */;
			proxyType = 1;
			remoteGlobalIDString = 7EC368E32510C63F00ECA753;
			remoteInfo = SwiftProjecte;
		};
/* End PBXContainerItemProxy section */

/* Begin PBXFileReference section */
		7EC368E42510C63F00ECA753 /* SwiftProjecte.app */ = {isa = PBXFileReference; explicitFileType = wrapper.application; includeInIndex = 0; path = SwiftProjecte.app; sourceTree = BUILT_PRODUCTS_DIR; };
		7EC368E72510C63F00ECA753 /* AppDelegate.swift */ = {isa = PBXFileReference; lastKnownFileType = sourcecode.swift; path = AppDelegate.swift; sourceTree = "<group>"; };
		7EC368E92510C63F00ECA753 /* SceneDelegate.swift */ = {isa = PBXFileReference; lastKnownFileType = sourcecode.swift; path = SceneDelegate.swift; sourceTree = "<group>"; };
		7EC368EB2510C63F00ECA753 /* ViewController.swift */ = {isa = PBXFileReference; lastKnownFileType = sourcecode.swift; path = ViewController.swift; sourceTree = "<group>"; };
		7EC368EE2510C63F00ECA753 /* Base */ = {isa = PBXFileReference; lastKnownFileType = file.storyboard; name = Base; path = Base.lproj/Main.storyboard; sourceTree = "<group>"; };
		7EC368F02510C64300ECA753 /* Assets.xcassets */ = {isa = PBXFileReference; lastKnownFileType = folder.assetcatalog; path = Assets.xcassets; sourceTree = "<group>"; };
		7EC368F32510C64300ECA753 /* Base */ = {isa = PBXFileReference; lastKnownFileType = file.storyboard; name = Base; path = Base.lproj/LaunchScreen.storyboard; sourceTree = "<group>"; };
		7EC368F52510C64300ECA753 /* Info.plist */ = {isa = PBXFileReference; lastKnownFileType = text.plist.xml; path = Info.plist; sourceTree = "<group>"; };
		7EC368FA2510C64300ECA753 /* SwiftProjecteTests.xctest */ = {isa = PBXFileReference; explicitFileType = wrapper.cfbundle; includeInIndex = 0; path = SwiftProjecteTests.xctest; sourceTree = BUILT_PRODUCTS_DIR; };
		7EC368FE2510C64300ECA753 /* SwiftProjecteTests.swift */ = {isa = PBXFileReference; lastKnownFileType = sourcecode.swift; path = SwiftProjecteTests.swift; sourceTree = "<group>"; };
		7EC369002510C64300ECA753 /* Info.plist */ = {isa = PBXFileReference; lastKnownFileType = text.plist.xml; path = Info.plist; sourceTree = "<group>"; };
		7EC369052510C64300ECA753 /* SwiftProjecteUITests.xctest */ = {isa = PBXFileReference; explicitFileType = wrapper.cfbundle; includeInIndex = 0; path = SwiftProjecteUITests.xctest; sourceTree = BUILT_PRODUCTS_DIR; };
		7EC369092510C64300ECA753 /* SwiftProjecteUITests.swift */ = {isa = PBXFileReference; lastKnownFileType = sourcecode.swift; path = SwiftProjecteUITests.swift; sourceTree = "<group>"; };
		7EC3690B2510C64300ECA753 /* Info.plist */ = {isa = PBXFileReference; lastKnownFileType = text.plist.xml; path = Info.plist; sourceTree = "<group>"; };
/* End PBXFileReference section */

/* Begin PBXFrameworksBuildPhase section */
		7EC368E12510C63F00ECA753 /* Frameworks */ = {
			isa = PBXFrameworksBuildPhase;
			buildActionMask = 2147483647;
			files = (
			);
			runOnlyForDeploymentPostprocessing = 0;
		};
		7EC368F72510C64300ECA753 /* Frameworks */ = {
			isa = PBXFrameworksBuildPhase;
			buildActionMask = 2147483647;
			files = (
			);
			runOnlyForDeploymentPostprocessing = 0;
		};
		7EC369022510C64300ECA753 /* Frameworks */ = {
			isa = PBXFrameworksBuildPhase;
			buildActionMask = 2147483647;
			files = (
			);
			runOnlyForDeploymentPostprocessing = 0;
		};
/* End PBXFrameworksBuildPhase section */

/* Begin PBXGroup section */
		7EC368DB2510C63F00ECA753 = {
			isa = PBXGroup;
			children = (
				7EC368E62510C63F00ECA753 /* SwiftProjecte */,
				7EC368FD2510C64300ECA753 /* SwiftProjecteTests */,
				7EC369082510C64300ECA753 /* SwiftProjecteUITests */,
				7EC368E52510C63F00ECA753 /* Products */,
			);
			sourceTree = "<group>";
		};
		7EC368E52510C63F00ECA753 /* Products */ = {
			isa = PBXGroup;
			children = (
				7EC368E42510C63F00ECA753 /* SwiftProjecte.app */,
				7EC368FA2510C64300ECA753 /* SwiftProjecteTests.xctest */,
				7EC369052510C64300ECA753 /* SwiftProjecteUITests.xctest */,
			);
			name = Products;
			sourceTree = "<group>";
		};
		7EC368E62510C63F00ECA753 /* SwiftProjecte */ = {
			isa = PBXGroup;
			children = (
				7EC368E72510C63F00ECA753 /* AppDelegate.swift */,
				7EC368E92510C63F00ECA753 /* SceneDelegate.swift */,
				7EC368EB2510C63F00ECA753 /* ViewController.swift */,
				7EC368ED2510C63F00ECA753 /* Main.storyboard */,
				7EC368F02510C64300ECA753 /* Assets.xcassets */,
				7EC368F22510C64300ECA753 /* LaunchScreen.storyboard */,
				7EC368F52510C64300ECA753 /* Info.plist */,
			);
			path = SwiftProjecte;
			sourceTree = "<group>";
		};
		7EC368FD2510C64300ECA753 /* SwiftProjecteTests */ = {
			isa = PBXGroup;
			children = (
				7EC368FE2510C64300ECA753 /* SwiftProjecteTests.swift */,
				7EC369002510C64300ECA753 /* Info.plist */,
			);
			path = SwiftProjecteTests;
			sourceTree = "<group>";
		};
		7EC369082510C64300ECA753 /* SwiftProjecteUITests */ = {
			isa = PBXGroup;
			children = (
				7EC369092510C64300ECA753 /* SwiftProjecteUITests.swift */,
				7EC3690B2510C64300ECA753 /* Info.plist */,
			);
			path = SwiftProjecteUITests;
			sourceTree = "<group>";
		};
/* End PBXGroup section */

/* Begin PBXNativeTarget section */
		7EC368E32510C63F00ECA753 /* SwiftProjecte */ = {
			isa = PBXNativeTarget;
			buildConfigurationList = 7EC3690E2510C64300ECA753 /* Build configuration list for PBXNativeTarget "SwiftProjecte" */;
			buildPhases = (
				7EC368E02510C63F00ECA753 /* Sources */,
				7EC368E12510C63F00ECA753 /* Frameworks */,
				7EC368E22510C63F00ECA753 /* Resources */,
			);
			buildRules = (
			);
			dependencies = (
			);
			name = SwiftProjecte;
			productName = SwiftProjecte;
			productReference = 7EC368E42510C63F00ECA753 /* SwiftProjecte.app */;
			productType = "com.apple.product-type.application";
		};
		7EC368F92510C64300ECA753 /* SwiftProjecteTests */ = {
			isa = PBXNativeTarget;
			buildConfigurationList = 7EC369112510C64300ECA753 /* Build configuration list for PBXNativeTarget "SwiftProjecteTests" */;
			buildPhases = (
				7EC368F62510C64300ECA753 /* Sources */,
				7EC368F72510C64300ECA753 /* Frameworks */,
				7EC368F82510C64300ECA753 /* Resources */,
			);
			buildRules = (
			);
			dependencies = (
				7EC368FC2510C64300ECA753 /* PBXTargetDependency */,
			);
			name = SwiftProjecteTests;
			productName = SwiftProjecteTests;
			productReference = 7EC368FA2510C64300ECA753 /* SwiftProjecteTests.xctest */;
			productType = "com.apple.product-type.bundle.unit-test";
		};
		7EC369042510C64300ECA753 /* SwiftProjecteUITests */ = {
			isa = PBXNativeTarget;
			buildConfigurationList = 7EC369142510C64300ECA753 /* Build configuration list for PBXNativeTarget "SwiftProjecteUITests" */;
			buildPhases = (
				7EC369012510C64300ECA753 /* Sources */,
				7EC369022510C64300ECA753 /* Frameworks */,
				7EC369032510C64300ECA753 /* Resources */,
			);
			buildRules = (
			);
			dependencies = (
				7EC369072510C64300ECA753 /* PBXTargetDependency */,
			);
			name = SwiftProjecteUITests;
			productName = SwiftProjecteUITests;
			productReference = 7EC369052510C64300ECA753 /* SwiftProjecteUITests.xctest */;
			productType = "com.apple.product-type.bundle.ui-testing";
		};
/* End PBXNativeTarget section */

/* Begin PBXProject section */
		7EC368DC2510C63F00ECA753 /* Project object */ = {
			isa = PBXProject;
			attributes = {
				LastSwiftUpdateCheck = 1160;
				LastUpgradeCheck = 1160;
				ORGANIZATIONNAME = JasonChen;
				TargetAttributes = {
					7EC368E32510C63F00ECA753 = {
						CreatedOnToolsVersion = 11.6;
					};
					7EC368F92510C64300ECA753 = {
						CreatedOnToolsVersion = 11.6;
						TestTargetID = 7EC368E32510C63F00ECA753;
					};
					7EC369042510C64300ECA753 = {
						CreatedOnToolsVersion = 11.6;
						TestTargetID = 7EC368E32510C63F00ECA753;
					};
				};
			};
			buildConfigurationList = 7EC368DF2510C63F00ECA753 /* Build configuration list for PBXProject "SwiftProjecte" */;
			compatibilityVersion = "Xcode 9.3";
			developmentRegion = en;
			hasScannedForEncodings = 0;
			knownRegions = (
				en,
				Base,
			);
			mainGroup = 7EC368DB2510C63F00ECA753;
			productRefGroup = 7EC368E52510C63F00ECA753 /* Products */;
			projectDirPath = "";
			projectRoot = "";
			targets = (
				7EC368E32510C63F00ECA753 /* SwiftProjecte */,
				7EC368F92510C64300ECA753 /* SwiftProjecteTests */,
				7EC369042510C64300ECA753 /* SwiftProjecteUITests */,
			);
		};
/* End PBXProject section */

/* Begin PBXResourcesBuildPhase section */
		7EC368E22510C63F00ECA753 /* Resources */ = {
			isa = PBXResourcesBuildPhase;
			buildActionMask = 2147483647;
			files = (
				7EC368F42510C64300ECA753 /* LaunchScreen.storyboard in Resources */,
				7EC368F12510C64300ECA753 /* Assets.xcassets in Resources */,
				7EC368EF2510C63F00ECA753 /* Main.storyboard in Resources */,
			);
			runOnlyForDeploymentPostprocessing = 0;
		};
		7EC368F82510C64300ECA753 /* Resources */ = {
			isa = PBXResourcesBuildPhase;
			buildActionMask = 2147483647;
			files = (
			);
			runOnlyForDeploymentPostprocessing = 0;
		};
		7EC369032510C64300ECA753 /* Resources */ = {
			isa = PBXResourcesBuildPhase;
			buildActionMask = 2147483647;
			files = (
			);
			runOnlyForDeploymentPostprocessing = 0;
		};
/* End PBXResourcesBuildPhase section */

/* Begin PBXSourcesBuildPhase section */
		7EC368E02510C63F00ECA753 /* Sources */ = {
			isa = PBXSourcesBuildPhase;
			buildActionMask = 2147483647;
			files = (
				7EC368EC2510C63F00ECA753 /* ViewController.swift in Sources */,
				7EC368E82510C63F00ECA753 /* AppDelegate.swift in Sources */,
				7EC368EA2510C63F00ECA753 /* SceneDelegate.swift in Sources */,
			);
			runOnlyForDeploymentPostprocessing = 0;
		};
		7EC368F62510C64300ECA753 /* Sources */ = {
			isa = PBXSourcesBuildPhase;
			buildActionMask = 2147483647;
			files = (
				7EC368FF2510C64300ECA753 /* SwiftProjecteTests.swift in Sources */,
			);
			runOnlyForDeploymentPostprocessing = 0;
		};
		7EC369012510C64300ECA753 /* Sources */ = {
			isa = PBXSourcesBuildPhase;
			buildActionMask = 2147483647;
			files = (
				7EC3690A2510C64300ECA753 /* SwiftProjecteUITests.swift in Sources */,
			);
			runOnlyForDeploymentPostprocessing = 0;
		};
/* End PBXSourcesBuildPhase section */

/* Begin PBXTargetDependency section */
		7EC368FC2510C64300ECA753 /* PBXTargetDependency */ = {
			isa = PBXTargetDependency;
			target = 7EC368E32510C63F00ECA753 /* SwiftProjecte */;
			targetProxy = 7EC368FB2510C64300ECA753 /* PBXContainerItemProxy */;
		};
		7EC369072510C64300ECA753 /* PBXTargetDependency */ = {
			isa = PBXTargetDependency;
			target = 7EC368E32510C63F00ECA753 /* SwiftProjecte */;
			targetProxy = 7EC369062510C64300ECA753 /* PBXContainerItemProxy */;
		};
/* End PBXTargetDependency section */

/* Begin PBXVariantGroup section */
		7EC368ED2510C63F00ECA753 /* Main.storyboard */ = {
			isa = PBXVariantGroup;
			children = (
				7EC368EE2510C63F00ECA753 /* Base */,
			);
			name = Main.storyboard;
			sourceTree = "<group>";
		};
		7EC368F22510C64300ECA753 /* LaunchScreen.storyboard */ = {
			isa = PBXVariantGroup;
			children = (
				7EC368F32510C64300ECA753 /* Base */,
			);
			name = LaunchScreen.storyboard;
			sourceTree = "<group>";
		};
/* End PBXVariantGroup section */

/* Begin XCBuildConfiguration section */
		7EC3690C2510C64300ECA753 /* Debug */ = {
			isa = XCBuildConfiguration;
			buildSettings = {
				ALWAYS_SEARCH_USER_PATHS = NO;
				CLANG_ANALYZER_NONNULL = YES;
				CLANG_ANALYZER_NUMBER_OBJECT_CONVERSION = YES_AGGRESSIVE;
				CLANG_CXX_LANGUAGE_STANDARD = "gnu++14";
				CLANG_CXX_LIBRARY = "libc++";
				CLANG_ENABLE_MODULES = YES;
				CLANG_ENABLE_OBJC_ARC = YES;
				CLANG_ENABLE_OBJC_WEAK = YES;
				CLANG_WARN_BLOCK_CAPTURE_AUTORELEASING = YES;
				CLANG_WARN_BOOL_CONVERSION = YES;
				CLANG_WARN_COMMA = YES;
				CLANG_WARN_CONSTANT_CONVERSION = YES;
				CLANG_WARN_DEPRECATED_OBJC_IMPLEMENTATIONS = YES;
				CLANG_WARN_DIRECT_OBJC_ISA_USAGE = YES_ERROR;
				CLANG_WARN_DOCUMENTATION_COMMENTS = YES;
				CLANG_WARN_EMPTY_BODY = YES;
				CLANG_WARN_ENUM_CONVERSION = YES;
				CLANG_WARN_INFINITE_RECURSION = YES;
				CLANG_WARN_INT_CONVERSION = YES;
				CLANG_WARN_NON_LITERAL_NULL_CONVERSION = YES;
				CLANG_WARN_OBJC_IMPLICIT_RETAIN_SELF = YES;
				CLANG_WARN_OBJC_LITERAL_CONVERSION = YES;
				CLANG_WARN_OBJC_ROOT_CLASS = YES_ERROR;
				CLANG_WARN_RANGE_LOOP_ANALYSIS = YES;
				CLANG_WARN_STRICT_PROTOTYPES = YES;
				CLANG_WARN_SUSPICIOUS_MOVE = YES;
				CLANG_WARN_UNGUARDED_AVAILABILITY = YES_AGGRESSIVE;
				CLANG_WARN_UNREACHABLE_CODE = YES;
				CLANG_WARN__DUPLICATE_METHOD_MATCH = YES;
				COPY_PHASE_STRIP = NO;
				DEBUG_INFORMATION_FORMAT = dwarf;
				ENABLE_STRICT_OBJC_MSGSEND = YES;
				ENABLE_TESTABILITY = YES;
				GCC_C_LANGUAGE_STANDARD = gnu11;
				GCC_DYNAMIC_NO_PIC = NO;
				GCC_NO_COMMON_BLOCKS = YES;
				GCC_OPTIMIZATION_LEVEL = 0;
				GCC_PREPROCESSOR_DEFINITIONS = (
					"DEBUG=1",
					"$(inherited)",
				);
				GCC_WARN_64_TO_32_BIT_CONVERSION = YES;
				GCC_WARN_ABOUT_RETURN_TYPE = YES_ERROR;
				GCC_WARN_UNDECLARED_SELECTOR = YES;
				GCC_WARN_UNINITIALIZED_AUTOS = YES_AGGRESSIVE;
				GCC_WARN_UNUSED_FUNCTION = YES;
				GCC_WARN_UNUSED_VARIABLE = YES;
				IPHONEOS_DEPLOYMENT_TARGET = 13.6;
				MTL_ENABLE_DEBUG_INFO = INCLUDE_SOURCE;
				MTL_FAST_MATH = YES;
				ONLY_ACTIVE_ARCH = YES;
				SDKROOT = iphoneos;
				SWIFT_ACTIVE_COMPILATION_CONDITIONS = DEBUG;
				SWIFT_OPTIMIZATION_LEVEL = "-Onone";
			};
			name = Debug;
		};
		7EC3690D2510C64300ECA753 /* Release */ = {
			isa = XCBuildConfiguration;
			buildSettings = {
				ALWAYS_SEARCH_USER_PATHS = NO;
				CLANG_ANALYZER_NONNULL = YES;
				CLANG_ANALYZER_NUMBER_OBJECT_CONVERSION = YES_AGGRESSIVE;
				CLANG_CXX_LANGUAGE_STANDARD = "gnu++14";
				CLANG_CXX_LIBRARY = "libc++";
				CLANG_ENABLE_MODULES = YES;
				CLANG_ENABLE_OBJC_ARC = YES;
				CLANG_ENABLE_OBJC_WEAK = YES;
				CLANG_WARN_BLOCK_CAPTURE_AUTORELEASING = YES;
				CLANG_WARN_BOOL_CONVERSION = YES;
				CLANG_WARN_COMMA = YES;
				CLANG_WARN_CONSTANT_CONVERSION = YES;
				CLANG_WARN_DEPRECATED_OBJC_IMPLEMENTATIONS = YES;
				CLANG_WARN_DIRECT_OBJC_ISA_USAGE = YES_ERROR;
				CLANG_WARN_DOCUMENTATION_COMMENTS = YES;
				CLANG_WARN_EMPTY_BODY = YES;
				CLANG_WARN_ENUM_CONVERSION = YES;
				CLANG_WARN_INFINITE_RECURSION = YES;
				CLANG_WARN_INT_CONVERSION = YES;
				CLANG_WARN_NON_LITERAL_NULL_CONVERSION = YES;
				CLANG_WARN_OBJC_IMPLICIT_RETAIN_SELF = YES;
				CLANG_WARN_OBJC_LITERAL_CONVERSION = YES;
				CLANG_WARN_OBJC_ROOT_CLASS = YES_ERROR;
				CLANG_WARN_RANGE_LOOP_ANALYSIS = YES;
				CLANG_WARN_STRICT_PROTOTYPES = YES;
				CLANG_WARN_SUSPICIOUS_MOVE = YES;
				CLANG_WARN_UNGUARDED_AVAILABILITY = YES_AGGRESSIVE;
				CLANG_WARN_UNREACHABLE_CODE = YES;
				CLANG_WARN__DUPLICATE_METHOD_MATCH = YES;
				COPY_PHASE_STRIP = NO;
				DEBUG_INFORMATION_FORMAT = "dwarf-with-dsym";
				ENABLE_NS_ASSERTIONS = NO;
				ENABLE_STRICT_OBJC_MSGSEND = YES;
				GCC_C_LANGUAGE_STANDARD = gnu11;
				GCC_NO_COMMON_BLOCKS = YES;
				GCC_WARN_64_TO_32_BIT_CONVERSION = YES;
				GCC_WARN_ABOUT_RETURN_TYPE = YES_ERROR;
				GCC_WARN_UNDECLARED_SELECTOR = YES;
				GCC_WARN_UNINITIALIZED_AUTOS = YES_AGGRESSIVE;
				GCC_WARN_UNUSED_FUNCTION = YES;
				GCC_WARN_UNUSED_VARIABLE = YES;
				IPHONEOS_DEPLOYMENT_TARGET = 13.6;
				MTL_ENABLE_DEBUG_INFO = NO;
				MTL_FAST_MATH = YES;
				SDKROOT = iphoneos;
				SWIFT_COMPILATION_MODE = wholemodule;
				SWIFT_OPTIMIZATION_LEVEL = "-O";
				VALIDATE_PRODUCT = YES;
			};
			name = Release;
		};
		7EC3690F2510C64300ECA753 /* Debug */ = {
			isa = XCBuildConfiguration;
			buildSettings = {
				ASSETCATALOG_COMPILER_APPICON_NAME = AppIcon;
				CODE_SIGN_STYLE = Automatic;
				DEVELOPMENT_TEAM = J85CB5ZPBK;
				INFOPLIST_FILE = SwiftProjecte/Info.plist;
				LD_RUNPATH_SEARCH_PATHS = (
					"$(inherited)",
					"@executable_path/Frameworks",
				);
				PRODUCT_BUNDLE_IDENTIFIER = com.SwiftProjecte;
				PRODUCT_NAME = "$(TARGET_NAME)";
				SWIFT_VERSION = 5.0;
				TARGETED_DEVICE_FAMILY = "1,2";
			};
			name = Debug;
		};
		7EC369102510C64300ECA753 /* Release */ = {
			isa = XCBuildConfiguration;
			buildSettings = {
				ASSETCATALOG_COMPILER_APPICON_NAME = AppIcon;
				CODE_SIGN_STYLE = Automatic;
				DEVELOPMENT_TEAM = J85CB5ZPBK;
				INFOPLIST_FILE = SwiftProjecte/Info.plist;
				LD_RUNPATH_SEARCH_PATHS = (
					"$(inherited)",
					"@executable_path/Frameworks",
				);
				PRODUCT_BUNDLE_IDENTIFIER = com.SwiftProjecte;
				PRODUCT_NAME = "$(TARGET_NAME)";
				SWIFT_VERSION = 5.0;
				TARGETED_DEVICE_FAMILY = "1,2";
			};
			name = Release;
		};
		7EC369122510C64300ECA753 /* Debug */ = {
			isa = XCBuildConfiguration;
			buildSettings = {
				ALWAYS_EMBED_SWIFT_STANDARD_LIBRARIES = YES;
				BUNDLE_LOADER = "$(TEST_HOST)";
				CODE_SIGN_STYLE = Automatic;
				DEVELOPMENT_TEAM = J85CB5ZPBK;
				INFOPLIST_FILE = SwiftProjecteTests/Info.plist;
				IPHONEOS_DEPLOYMENT_TARGET = 13.6;
				LD_RUNPATH_SEARCH_PATHS = (
					"$(inherited)",
					"@executable_path/Frameworks",
					"@loader_path/Frameworks",
				);
				PRODUCT_BUNDLE_IDENTIFIER = com.SwiftProjecteTests;
				PRODUCT_NAME = "$(TARGET_NAME)";
				SWIFT_VERSION = 5.0;
				TARGETED_DEVICE_FAMILY = "1,2";
				TEST_HOST = "$(BUILT_PRODUCTS_DIR)/SwiftProjecte.app/SwiftProjecte";
			};
			name = Debug;
		};
		7EC369132510C64300ECA753 /* Release */ = {
			isa = XCBuildConfiguration;
			buildSettings = {
				ALWAYS_EMBED_SWIFT_STANDARD_LIBRARIES = YES;
				BUNDLE_LOADER = "$(TEST_HOST)";
				CODE_SIGN_STYLE = Automatic;
				DEVELOPMENT_TEAM = J85CB5ZPBK;
				INFOPLIST_FILE = SwiftProjecteTests/Info.plist;
				IPHONEOS_DEPLOYMENT_TARGET = 13.6;
				LD_RUNPATH_SEARCH_PATHS = (
					"$(inherited)",
					"@executable_path/Frameworks",
					"@loader_path/Frameworks",
				);
				PRODUCT_BUNDLE_IDENTIFIER = com.SwiftProjecteTests;
				PRODUCT_NAME = "$(TARGET_NAME)";
				SWIFT_VERSION = 5.0;
				TARGETED_DEVICE_FAMILY = "1,2";
				TEST_HOST = "$(BUILT_PRODUCTS_DIR)/SwiftProjecte.app/SwiftProjecte";
			};
			name = Release;
		};
		7EC369152510C64300ECA753 /* Debug */ = {
			isa = XCBuildConfiguration;
			buildSettings = {
				ALWAYS_EMBED_SWIFT_STANDARD_LIBRARIES = YES;
				CODE_SIGN_STYLE = Automatic;
				DEVELOPMENT_TEAM = J85CB5ZPBK;
				INFOPLIST_FILE = SwiftProjecteUITests/Info.plist;
				LD_RUNPATH_SEARCH_PATHS = (
					"$(inherited)",
					"@executable_path/Frameworks",
					"@loader_path/Frameworks",
				);
				PRODUCT_BUNDLE_IDENTIFIER = com.SwiftProjecteUITests;
				PRODUCT_NAME = "$(TARGET_NAME)";
				SWIFT_VERSION = 5.0;
				TARGETED_DEVICE_FAMILY = "1,2";
				TEST_TARGET_NAME = SwiftProjecte;
			};
			name = Debug;
		};
		7EC369162510C64300ECA753 /* Release */ = {
			isa = XCBuildConfiguration;
			buildSettings = {
				ALWAYS_EMBED_SWIFT_STANDARD_LIBRARIES = YES;
				CODE_SIGN_STYLE = Automatic;
				DEVELOPMENT_TEAM = J85CB5ZPBK;
				INFOPLIST_FILE = SwiftProjecteUITests/Info.plist;
				LD_RUNPATH_SEARCH_PATHS = (
					"$(inherited)",
					"@executable_path/Frameworks",
					"@loader_path/Frameworks",
				);
				PRODUCT_BUNDLE_IDENTIFIER = com.SwiftProjecteUITests;
				PRODUCT_NAME = "$(TARGET_NAME)";
				SWIFT_VERSION = 5.0;
				TARGETED_DEVICE_FAMILY = "1,2";
				TEST_TARGET_NAME = SwiftProjecte;
			};
			name = Release;
		};
/* End XCBuildConfiguration section */

/* Begin XCConfigurationList section */
		7EC368DF2510C63F00ECA753 /* Build configuration list for PBXProject "SwiftProjecte" */ = {
			isa = XCConfigurationList;
			buildConfigurations = (
				7EC3690C2510C64300ECA753 /* Debug */,
				7EC3690D2510C64300ECA753 /* Release */,
			);
			defaultConfigurationIsVisible = 0;
			defaultConfigurationName = Release;
		};
		7EC3690E2510C64300ECA753 /* Build configuration list for PBXNativeTarget "SwiftProjecte" */ = {
			isa = XCConfigurationList;
			buildConfigurations = (
				7EC3690F2510C64300ECA753 /* Debug */,
				7EC369102510C64300ECA753 /* Release */,
			);
			defaultConfigurationIsVisible = 0;
			defaultConfigurationName = Release;
		};
		7EC369112510C64300ECA753 /* Build configuration list for PBXNativeTarget "SwiftProjecteTests" */ = {
			isa = XCConfigurationList;
			buildConfigurations = (
				7EC369122510C64300ECA753 /* Debug */,
				7EC369132510C64300ECA753 /* Release */,
			);
			defaultConfigurationIsVisible = 0;
			defaultConfigurationName = Release;
		};
		7EC369142510C64300ECA753 /* Build configuration list for PBXNativeTarget "SwiftProjecteUITests" */ = {
			isa = XCConfigurationList;
			buildConfigurations = (
				7EC369152510C64300ECA753 /* Debug */,
				7EC369162510C64300ECA753 /* Release */,
			);
			defaultConfigurationIsVisible = 0;
			defaultConfigurationName = Release;
		};
/* End XCConfigurationList section */
	};
	rootObject = 7EC368DC2510C63F00ECA753 /* Project object */;
}
